
Microsoft Visual Studio Solution File, Format Version 12.00
# Visual Studio 15
VisualStudioVersion = 15.0.27703.2042
MinimumVisualStudioVersion = 10.0.40219.1
Project("{8BC9CEB8-8B4A-11D0-8D11-00A0C91BC942}") = "BankManagement", "BankManagement\BankManagement.vcxproj", "{4B975B88-98CC-4923-932F-8C6E40C44AC4}"
EndProject
Global
	GlobalSection(SolutionConfigurationPlatforms) = preSolution
		Debug|x64 = Debug|x64
		Debug|x86 = Debug|x86
		Release|x64 = Release|x64
		Release|x86 = Release|x86
	EndGlobalSection
	GlobalSection(ProjectConfigurationPlatforms) = postSolution
		{4B975B88-98CC-4923-932F-8C6E40C44AC4}.Debug|x64.ActiveCfg = Debug|x64
		{4B975B88-98CC-4923-932F-8C6E40C44AC4}.Debug|x64.Build.0 = Debug|x64
		{4B975B88-98CC-4923-932F-8C6E40C44AC4}.Debug|x86.ActiveCfg = Debug|Win32
		{4B975B88-98CC-4923-932F-8C6E40C44AC4}.Debug|x86.Build.0 = Debug|Win32
		{4B975B88-98CC-4923-932F-8C6E40C44AC4}.Release|x64.ActiveCfg = Release|x64
		{4B975B88-98CC-4923-932F-8C6E40C44AC4}.Release|x64.Build.0 = Release|x64
		{4B975B88-98CC-4923-932F-8C6E40C44AC4}.Release|x86.ActiveCfg = Release|Win32
		{4B975B88-98CC-4923-932F-8C6E40C44AC4}.Release|x86.Build.0 = Release|Win32
	EndGlobalSection
	GlobalSection(SolutionProperties) = preSolution
		HideSolutionNode = FALSE
	EndGlobalSection
	GlobalSection(ExtensibilityGlobals) = postSolution
		SolutionGuid = {6DB2EFE2-FDE4-4951-959F-AF222E17AAF1}
	EndGlobalSection
EndGlobal
